
Microsoft Visual Studio Solution File, Format Version 12.00
# Visual Studio Version 16
VisualStudioVersion = 16.0.29215.179
MinimumVisualStudioVersion = 10.0.40219.1
Project("{9A19103F-16F7-4668-BE54-9A1E7A4F7556}") = "AW.Studio.Core", "AW.Studio.Core\AW.Studio.Core.csproj", "{D3595FC4-1892-43A3-AB4A-E06594B453DC}"
EndProject
Project("{9A19103F-16F7-4668-BE54-9A1E7A4F7556}") = "AW.Studio.Service", "AW.Studio.Service\AW.Studio.Service.csproj", "{B566C643-5045-463C-AE76-C4281CF08595}"
EndProject
Project("{9A19103F-16F7-4668-BE54-9A1E7A4F7556}") = "AW.Studio.Repository", "AW.Studio.Repository\AW.Studio.Repository.csproj", "{738F22CD-4798-47BF-839A-A2FCD988A02A}"
EndProject
Project("{2150E333-8FDC-42A3-9474-1A3956D46DE8}") = "1-Infrastructure", "1-Infrastructure", "{2846D17E-BD9A-4D69-AEC5-620506DFDA82}"
EndProject
Project("{2150E333-8FDC-42A3-9474-1A3956D46DE8}") = "2-Domain", "2-Domain", "{88B98A1D-E0E5-4346-B28F-236044830BC7}"
EndProject
Project("{9A19103F-16F7-4668-BE54-9A1E7A4F7556}") = "AW.Studio.Dto", "AW.Studio.Dto\AW.Studio.Dto.csproj", "{235699DA-7473-45EA-B6D5-BD7CB5C1E780}"
EndProject
Project("{2150E333-8FDC-42A3-9474-1A3956D46DE8}") = "3-Repository", "3-Repository", "{8EAFB132-9A1E-4A48-89FB-E8609F1391B2}"
EndProject
Project("{2150E333-8FDC-42A3-9474-1A3956D46DE8}") = "5-Application", "5-Application", "{8C15A870-9DB8-4B50-952A-D6348EAD057C}"
EndProject
Project("{2150E333-8FDC-42A3-9474-1A3956D46DE8}") = "6-Presentation", "6-Presentation", "{05A7F393-D8F0-47F6-B1B3-B989BA8257B7}"
EndProject
Project("{9A19103F-16F7-4668-BE54-9A1E7A4F7556}") = "AW.Studio.Web", "AW.Studio.Web\AW.Studio.Web.csproj", "{AE62164B-EE02-426C-85F3-FB99428B3FAE}"
EndProject
Project("{2150E333-8FDC-42A3-9474-1A3956D46DE8}") = "7-Test", "7-Test", "{78ED334F-8AB7-492F-BB4C-70C7F5D0D815}"
EndProject
Project("{9A19103F-16F7-4668-BE54-9A1E7A4F7556}") = "AW.Studio.UnitTest", "AW.Studio.UnitTest\AW.Studio.UnitTest.csproj", "{7F547217-3A67-4FAD-AAEC-1D6EDDF95F8C}"
EndProject
Project("{2150E333-8FDC-42A3-9474-1A3956D46DE8}") = "4-Service", "4-Service", "{BBB4053A-924A-4E25-944F-CA89CD96E577}"
EndProject
Project("{9A19103F-16F7-4668-BE54-9A1E7A4F7556}") = "AW.Studio.Utility", "AW.Studio.Utility\AW.Studio.Utility.csproj", "{2EC11ED5-A27A-4BED-A761-F920B040F563}"
EndProject
Project("{9A19103F-16F7-4668-BE54-9A1E7A4F7556}") = "AW.Studio.Api", "AW.Studio.Api\AW.Studio.Api.csproj", "{BDC80A20-147E-48C9-A04E-AEAF70F56570}"
EndProject
Global
	GlobalSection(SolutionConfigurationPlatforms) = preSolution
		Debug|Any CPU = Debug|Any CPU
		Release|Any CPU = Release|Any CPU
	EndGlobalSection
	GlobalSection(ProjectConfigurationPlatforms) = postSolution
		{D3595FC4-1892-43A3-AB4A-E06594B453DC}.Debug|Any CPU.ActiveCfg = Debug|Any CPU
		{D3595FC4-1892-43A3-AB4A-E06594B453DC}.Debug|Any CPU.Build.0 = Debug|Any CPU
		{D3595FC4-1892-43A3-AB4A-E06594B453DC}.Release|Any CPU.ActiveCfg = Release|Any CPU
		{D3595FC4-1892-43A3-AB4A-E06594B453DC}.Release|Any CPU.Build.0 = Release|Any CPU
		{B566C643-5045-463C-AE76-C4281CF08595}.Debug|Any CPU.ActiveCfg = Debug|Any CPU
		{B566C643-5045-463C-AE76-C4281CF08595}.Debug|Any CPU.Build.0 = Debug|Any CPU
		{B566C643-5045-463C-AE76-C4281CF08595}.Release|Any CPU.ActiveCfg = Release|Any CPU
		{B566C643-5045-463C-AE76-C4281CF08595}.Release|Any CPU.Build.0 = Release|Any CPU
		{738F22CD-4798-47BF-839A-A2FCD988A02A}.Debug|Any CPU.ActiveCfg = Debug|Any CPU
		{738F22CD-4798-47BF-839A-A2FCD988A02A}.Debug|Any CPU.Build.0 = Debug|Any CPU
		{738F22CD-4798-47BF-839A-A2FCD988A02A}.Release|Any CPU.ActiveCfg = Release|Any CPU
		{738F22CD-4798-47BF-839A-A2FCD988A02A}.Release|Any CPU.Build.0 = Release|Any CPU
		{235699DA-7473-45EA-B6D5-BD7CB5C1E780}.Debug|Any CPU.ActiveCfg = Debug|Any CPU
		{235699DA-7473-45EA-B6D5-BD7CB5C1E780}.Debug|Any CPU.Build.0 = Debug|Any CPU
		{235699DA-7473-45EA-B6D5-BD7CB5C1E780}.Release|Any CPU.ActiveCfg = Release|Any CPU
		{235699DA-7473-45EA-B6D5-BD7CB5C1E780}.Release|Any CPU.Build.0 = Release|Any CPU
		{AE62164B-EE02-426C-85F3-FB99428B3FAE}.Debug|Any CPU.ActiveCfg = Debug|Any CPU
		{AE62164B-EE02-426C-85F3-FB99428B3FAE}.Debug|Any CPU.Build.0 = Debug|Any CPU
		{AE62164B-EE02-426C-85F3-FB99428B3FAE}.Release|Any CPU.ActiveCfg = Release|Any CPU
		{AE62164B-EE02-426C-85F3-FB99428B3FAE}.Release|Any CPU.Build.0 = Release|Any CPU
		{7F547217-3A67-4FAD-AAEC-1D6EDDF95F8C}.Debug|Any CPU.ActiveCfg = Debug|Any CPU
		{7F547217-3A67-4FAD-AAEC-1D6EDDF95F8C}.Debug|Any CPU.Build.0 = Debug|Any CPU
		{7F547217-3A67-4FAD-AAEC-1D6EDDF95F8C}.Release|Any CPU.ActiveCfg = Release|Any CPU
		{7F547217-3A67-4FAD-AAEC-1D6EDDF95F8C}.Release|Any CPU.Build.0 = Release|Any CPU
		{2EC11ED5-A27A-4BED-A761-F920B040F563}.Debug|Any CPU.ActiveCfg = Debug|Any CPU
		{2EC11ED5-A27A-4BED-A761-F920B040F563}.Debug|Any CPU.Build.0 = Debug|Any CPU
		{2EC11ED5-A27A-4BED-A761-F920B040F563}.Release|Any CPU.ActiveCfg = Release|Any CPU
		{2EC11ED5-A27A-4BED-A761-F920B040F563}.Release|Any CPU.Build.0 = Release|Any CPU
		{BDC80A20-147E-48C9-A04E-AEAF70F56570}.Debug|Any CPU.ActiveCfg = Debug|Any CPU
		{BDC80A20-147E-48C9-A04E-AEAF70F56570}.Debug|Any CPU.Build.0 = Debug|Any CPU
		{BDC80A20-147E-48C9-A04E-AEAF70F56570}.Release|Any CPU.ActiveCfg = Release|Any CPU
		{BDC80A20-147E-48C9-A04E-AEAF70F56570}.Release|Any CPU.Build.0 = Release|Any CPU
	EndGlobalSection
	GlobalSection(SolutionProperties) = preSolution
		HideSolutionNode = FALSE
	EndGlobalSection
	GlobalSection(NestedProjects) = preSolution
		{D3595FC4-1892-43A3-AB4A-E06594B453DC} = {2846D17E-BD9A-4D69-AEC5-620506DFDA82}
		{B566C643-5045-463C-AE76-C4281CF08595} = {BBB4053A-924A-4E25-944F-CA89CD96E577}
		{738F22CD-4798-47BF-839A-A2FCD988A02A} = {8EAFB132-9A1E-4A48-89FB-E8609F1391B2}
		{235699DA-7473-45EA-B6D5-BD7CB5C1E780} = {88B98A1D-E0E5-4346-B28F-236044830BC7}
		{AE62164B-EE02-426C-85F3-FB99428B3FAE} = {05A7F393-D8F0-47F6-B1B3-B989BA8257B7}
		{7F547217-3A67-4FAD-AAEC-1D6EDDF95F8C} = {78ED334F-8AB7-492F-BB4C-70C7F5D0D815}
		{2EC11ED5-A27A-4BED-A761-F920B040F563} = {2846D17E-BD9A-4D69-AEC5-620506DFDA82}
		{BDC80A20-147E-48C9-A04E-AEAF70F56570} = {8C15A870-9DB8-4B50-952A-D6348EAD057C}
	EndGlobalSection
	GlobalSection(ExtensibilityGlobals) = postSolution
		SolutionGuid = {EB5E71BA-05F7-4ACC-8FA2-C31211DE3290}
	EndGlobalSection
EndGlobal
